// !$*UTF8*$!
{
	archiveVersion = 1;
	classes = {
	};
	objectVersion = 46;
	objects = {

/* Begin PBXBuildFile section */
		25C5BAFF1C67297100DD5C9E /* KSToken.swift in Sources */ = {isa = PBXBuildFile; fileRef = 25EAF0E81C6705F500E4BBD8 /* KSToken.swift */; };
		25C5BB001C67297100DD5C9E /* KSTokenField.swift in Sources */ = {isa = PBXBuildFile; fileRef = 25EAF0E91C6705F500E4BBD8 /* KSTokenField.swift */; };
		25C5BB011C67297100DD5C9E /* KSTokenView.swift in Sources */ = {isa = PBXBuildFile; fileRef = 25EAF0EA1C6705F500E4BBD8 /* KSTokenView.swift */; };
		25C5BB021C67297100DD5C9E /* KSUtils.swift in Sources */ = {isa = PBXBuildFile; fileRef = 25EAF0EB1C6705F500E4BBD8 /* KSUtils.swift */; };
		25EAF0F21C67060200E4BBD8 /* List.swift in Sources */ = {isa = PBXBuildFile; fileRef = 25EAF0F11C67060200E4BBD8 /* List.swift */; };
		25EAF0F61C670BDF00E4BBD8 /* KSTokenView_viewcontroller.swift in Sources */ = {isa = PBXBuildFile; fileRef = 25EAF0F51C670BDF00E4BBD8 /* KSTokenView_viewcontroller.swift */; };
		7D27787D1C6739A3002D5145 /* mainViewController.swift in Sources */ = {isa = PBXBuildFile; fileRef = 7D27787C1C6739A3002D5145 /* mainViewController.swift */; };
		7D2E7A591C66F6510010DEE5 /* RecipeCollectionViewCell.swift in Sources */ = {isa = PBXBuildFile; fileRef = 7D2E7A581C66F6510010DEE5 /* RecipeCollectionViewCell.swift */; };
		7D2E7A5D1C66F8850010DEE5 /* RecipeLayout.swift in Sources */ = {isa = PBXBuildFile; fileRef = 7D2E7A5C1C66F8850010DEE5 /* RecipeLayout.swift */; };
		7D9CED201C66702F00519DDA /* AppDelegate.swift in Sources */ = {isa = PBXBuildFile; fileRef = 7D9CED1F1C66702F00519DDA /* AppDelegate.swift */; };
		7D9CED221C66702F00519DDA /* ViewController.swift in Sources */ = {isa = PBXBuildFile; fileRef = 7D9CED211C66702F00519DDA /* ViewController.swift */; };
		7D9CED251C66702F00519DDA /* Main.storyboard in Resources */ = {isa = PBXBuildFile; fileRef = 7D9CED231C66702F00519DDA /* Main.storyboard */; };
		7D9CED271C66702F00519DDA /* Assets.xcassets in Resources */ = {isa = PBXBuildFile; fileRef = 7D9CED261C66702F00519DDA /* Assets.xcassets */; };
		7D9CED2A1C66702F00519DDA /* LaunchScreen.storyboard in Resources */ = {isa = PBXBuildFile; fileRef = 7D9CED281C66702F00519DDA /* LaunchScreen.storyboard */; };
		7DF3CD2C1C679631006B771F /* ScrollViewController.swift in Sources */ = {isa = PBXBuildFile; fileRef = 7DF3CD2B1C679631006B771F /* ScrollViewController.swift */; };
		7DF3CD2E1C679F44006B771F /* PageViewController.swift in Sources */ = {isa = PBXBuildFile; fileRef = 7DF3CD2D1C679F44006B771F /* PageViewController.swift */; };
		C4D3EB791C66CA9600A32FBA /* Add Recipe.swift in Sources */ = {isa = PBXBuildFile; fileRef = C4D3EB781C66CA9600A32FBA /* Add Recipe.swift */; };
/* End PBXBuildFile section */

/* Begin PBXFileReference section */
		25EAF0E81C6705F500E4BBD8 /* KSToken.swift */ = {isa = PBXFileReference; fileEncoding = 4; lastKnownFileType = sourcecode.swift; name = KSToken.swift; path = Foodism/KSToken.swift; sourceTree = "<group>"; };
		25EAF0E91C6705F500E4BBD8 /* KSTokenField.swift */ = {isa = PBXFileReference; fileEncoding = 4; lastKnownFileType = sourcecode.swift; name = KSTokenField.swift; path = Foodism/KSTokenField.swift; sourceTree = "<group>"; };
		25EAF0EA1C6705F500E4BBD8 /* KSTokenView.swift */ = {isa = PBXFileReference; fileEncoding = 4; lastKnownFileType = sourcecode.swift; name = KSTokenView.swift; path = Foodism/KSTokenView.swift; sourceTree = "<group>"; };
		25EAF0EB1C6705F500E4BBD8 /* KSUtils.swift */ = {isa = PBXFileReference; fileEncoding = 4; lastKnownFileType = sourcecode.swift; name = KSUtils.swift; path = Foodism/KSUtils.swift; sourceTree = "<group>"; };
		25EAF0F11C67060200E4BBD8 /* List.swift */ = {isa = PBXFileReference; fileEncoding = 4; lastKnownFileType = sourcecode.swift; path = List.swift; sourceTree = "<group>"; };
		25EAF0F51C670BDF00E4BBD8 /* KSTokenView_viewcontroller.swift */ = {isa = PBXFileReference; fileEncoding = 4; lastKnownFileType = sourcecode.swift; path = KSTokenView_viewcontroller.swift; sourceTree = "<group>"; };
		7D27787C1C6739A3002D5145 /* mainViewController.swift */ = {isa = PBXFileReference; fileEncoding = 4; lastKnownFileType = sourcecode.swift; path = mainViewController.swift; sourceTree = "<group>"; };
		7D2E7A581C66F6510010DEE5 /* RecipeCollectionViewCell.swift */ = {isa = PBXFileReference; fileEncoding = 4; lastKnownFileType = sourcecode.swift; path = RecipeCollectionViewCell.swift; sourceTree = "<group>"; };
		7D2E7A5C1C66F8850010DEE5 /* RecipeLayout.swift */ = {isa = PBXFileReference; fileEncoding = 4; lastKnownFileType = sourcecode.swift; path = RecipeLayout.swift; sourceTree = "<group>"; };
		7D9CED1C1C66702F00519DDA /* Foodism.app */ = {isa = PBXFileReference; explicitFileType = wrapper.application; includeInIndex = 0; path = Foodism.app; sourceTree = BUILT_PRODUCTS_DIR; };
		7D9CED1F1C66702F00519DDA /* AppDelegate.swift */ = {isa = PBXFileReference; lastKnownFileType = sourcecode.swift; path = AppDelegate.swift; sourceTree = "<group>"; };
		7D9CED211C66702F00519DDA /* ViewController.swift */ = {isa = PBXFileReference; lastKnownFileType = sourcecode.swift; path = ViewController.swift; sourceTree = "<group>"; };
		7D9CED241C66702F00519DDA /* Base */ = {isa = PBXFileReference; lastKnownFileType = file.storyboard; name = Base; path = Base.lproj/Main.storyboard; sourceTree = "<group>"; };
		7D9CED261C66702F00519DDA /* Assets.xcassets */ = {isa = PBXFileReference; lastKnownFileType = folder.assetcatalog; path = Assets.xcassets; sourceTree = "<group>"; };
		7D9CED291C66702F00519DDA /* Base */ = {isa = PBXFileReference; lastKnownFileType = file.storyboard; name = Base; path = Base.lproj/LaunchScreen.storyboard; sourceTree = "<group>"; };
		7D9CED2B1C66702F00519DDA /* Info.plist */ = {isa = PBXFileReference; lastKnownFileType = text.plist.xml; path = Info.plist; sourceTree = "<group>"; };
		7DF3CD2B1C679631006B771F /* ScrollViewController.swift */ = {isa = PBXFileReference; fileEncoding = 4; lastKnownFileType = sourcecode.swift; path = ScrollViewController.swift; sourceTree = "<group>"; };
		7DF3CD2D1C679F44006B771F /* PageViewController.swift */ = {isa = PBXFileReference; fileEncoding = 4; lastKnownFileType = sourcecode.swift; path = PageViewController.swift; sourceTree = "<group>"; };
		C4D3EB781C66CA9600A32FBA /* Add Recipe.swift */ = {isa = PBXFileReference; fileEncoding = 4; lastKnownFileType = sourcecode.swift; path = "Add Recipe.swift"; sourceTree = "<group>"; };
/* End PBXFileReference section */

/* Begin PBXFrameworksBuildPhase section */
		7D9CED191C66702F00519DDA /* Frameworks */ = {
			isa = PBXFrameworksBuildPhase;
			buildActionMask = 2147483647;
			files = (
			);
			runOnlyForDeploymentPostprocessing = 0;
		};
/* End PBXFrameworksBuildPhase section */

/* Begin PBXGroup section */
		7D9CED131C66702F00519DDA = {
			isa = PBXGroup;
			children = (
				25EAF0E81C6705F500E4BBD8 /* KSToken.swift */,
				25EAF0E91C6705F500E4BBD8 /* KSTokenField.swift */,
				25EAF0EA1C6705F500E4BBD8 /* KSTokenView.swift */,
				25EAF0EB1C6705F500E4BBD8 /* KSUtils.swift */,
				7D9CED1E1C66702F00519DDA /* Foodism */,
				7D9CED1D1C66702F00519DDA /* Products */,
			);
			sourceTree = "<group>";
		};
		7D9CED1D1C66702F00519DDA /* Products */ = {
			isa = PBXGroup;
			children = (
				7D9CED1C1C66702F00519DDA /* Foodism.app */,
			);
			name = Products;
			sourceTree = "<group>";
		};
		7D9CED1E1C66702F00519DDA /* Foodism */ = {
			isa = PBXGroup;
			children = (
				25EAF0F11C67060200E4BBD8 /* List.swift */,
				C4D3EB781C66CA9600A32FBA /* Add Recipe.swift */,
				7D9CED1F1C66702F00519DDA /* AppDelegate.swift */,
				7D27787C1C6739A3002D5145 /* mainViewController.swift */,
				7DF3CD2B1C679631006B771F /* ScrollViewController.swift */,
				7D9CED211C66702F00519DDA /* ViewController.swift */,
				7DF3CD2D1C679F44006B771F /* PageViewController.swift */,
				25EAF0F51C670BDF00E4BBD8 /* KSTokenView_viewcontroller.swift */,
				7D9CED231C66702F00519DDA /* Main.storyboard */,
				7D2E7A5C1C66F8850010DEE5 /* RecipeLayout.swift */,
				7D2E7A581C66F6510010DEE5 /* RecipeCollectionViewCell.swift */,
				7D9CED261C66702F00519DDA /* Assets.xcassets */,
				7D9CED281C66702F00519DDA /* LaunchScreen.storyboard */,
				7D9CED2B1C66702F00519DDA /* Info.plist */,
			);
			path = Foodism;
			sourceTree = "<group>";
		};
/* End PBXGroup section */

/* Begin PBXNativeTarget section */
		7D9CED1B1C66702F00519DDA /* Foodism */ = {
			isa = PBXNativeTarget;
			buildConfigurationList = 7D9CED391C66702F00519DDA /* Build configuration list for PBXNativeTarget "Foodism" */;
			buildPhases = (
				7D9CED181C66702F00519DDA /* Sources */,
				7D9CED191C66702F00519DDA /* Frameworks */,
				7D9CED1A1C66702F00519DDA /* Resources */,
			);
			buildRules = (
			);
			dependencies = (
			);
			name = Foodism;
			productName = Foodism;
			productReference = 7D9CED1C1C66702F00519DDA /* Foodism.app */;
			productType = "com.apple.product-type.application";
		};
/* End PBXNativeTarget section */

/* Begin PBXProject section */
		7D9CED141C66702F00519DDA /* Project object */ = {
			isa = PBXProject;
			attributes = {
				LastSwiftUpdateCheck = 0720;
				LastUpgradeCheck = 0720;
				ORGANIZATIONNAME = hackatbrown;
				TargetAttributes = {
					7D9CED1B1C66702F00519DDA = {
						CreatedOnToolsVersion = 7.2;
					};
				};
			};
			buildConfigurationList = 7D9CED171C66702F00519DDA /* Build configuration list for PBXProject "Foodism" */;
			compatibilityVersion = "Xcode 3.2";
			developmentRegion = English;
			hasScannedForEncodings = 0;
			knownRegions = (
				en,
				Base,
			);
			mainGroup = 7D9CED131C66702F00519DDA;
			productRefGroup = 7D9CED1D1C66702F00519DDA /* Products */;
			projectDirPath = "";
			projectRoot = "";
			targets = (
				7D9CED1B1C66702F00519DDA /* Foodism */,
			);
		};
/* End PBXProject section */

/* Begin PBXResourcesBuildPhase section */
		7D9CED1A1C66702F00519DDA /* Resources */ = {
			isa = PBXResourcesBuildPhase;
			buildActionMask = 2147483647;
			files = (
				7D9CED2A1C66702F00519DDA /* LaunchScreen.storyboard in Resources */,
				7D9CED271C66702F00519DDA /* Assets.xcassets in Resources */,
				7D9CED251C66702F00519DDA /* Main.storyboard in Resources */,
			);
			runOnlyForDeploymentPostprocessing = 0;
		};
/* End PBXResourcesBuildPhase section */

/* Begin PBXSourcesBuildPhase section */
		7D9CED181C66702F00519DDA /* Sources */ = {
			isa = PBXSourcesBuildPhase;
			buildActionMask = 2147483647;
			files = (
				7D2E7A5D1C66F8850010DEE5 /* RecipeLayout.swift in Sources */,
				7DF3CD2E1C679F44006B771F /* PageViewController.swift in Sources */,
				7D2E7A591C66F6510010DEE5 /* RecipeCollectionViewCell.swift in Sources */,
				C4D3EB791C66CA9600A32FBA /* Add Recipe.swift in Sources */,
				25EAF0F21C67060200E4BBD8 /* List.swift in Sources */,
				25EAF0F61C670BDF00E4BBD8 /* KSTokenView_viewcontroller.swift in Sources */,
				7D9CED221C66702F00519DDA /* ViewController.swift in Sources */,
				7D9CED201C66702F00519DDA /* AppDelegate.swift in Sources */,
				7DF3CD2C1C679631006B771F /* ScrollViewController.swift in Sources */,
				25C5BAFF1C67297100DD5C9E /* KSToken.swift in Sources */,
				25C5BB001C67297100DD5C9E /* KSTokenField.swift in Sources */,
				25C5BB011C67297100DD5C9E /* KSTokenView.swift in Sources */,
				25C5BB021C67297100DD5C9E /* KSUtils.swift in Sources */,
				7D27787D1C6739A3002D5145 /* mainViewController.swift in Sources */,
			);
			runOnlyForDeploymentPostprocessing = 0;
		};
/* End PBXSourcesBuildPhase section */

/* Begin PBXVariantGroup section */
		7D9CED231C66702F00519DDA /* Main.storyboard */ = {
			isa = PBXVariantGroup;
			children = (
				7D9CED241C66702F00519DDA /* Base */,
			);
			name = Main.storyboard;
			sourceTree = "<group>";
		};
		7D9CED281C66702F00519DDA /* LaunchScreen.storyboard */ = {
			isa = PBXVariantGroup;
			children = (
				7D9CED291C66702F00519DDA /* Base */,
			);
			name = LaunchScreen.storyboard;
			sourceTree = "<group>";
		};
/* End PBXVariantGroup section */

/* Begin XCBuildConfiguration section */
		7D9CED371C66702F00519DDA /* Debug */ = {
			isa = XCBuildConfiguration;
			buildSettings = {
				ALWAYS_SEARCH_USER_PATHS = NO;
				CLANG_CXX_LANGUAGE_STANDARD = "gnu++0x";
				CLANG_CXX_LIBRARY = "libc++";
				CLANG_ENABLE_MODULES = YES;
				CLANG_ENABLE_OBJC_ARC = YES;
				CLANG_WARN_BOOL_CONVERSION = YES;
				CLANG_WARN_CONSTANT_CONVERSION = YES;
				CLANG_WARN_DIRECT_OBJC_ISA_USAGE = YES_ERROR;
				CLANG_WARN_EMPTY_BODY = YES;
				CLANG_WARN_ENUM_CONVERSION = YES;
				CLANG_WARN_INT_CONVERSION = YES;
				CLANG_WARN_OBJC_ROOT_CLASS = YES_ERROR;
				CLANG_WARN_UNREACHABLE_CODE = YES;
				CLANG_WARN__DUPLICATE_METHOD_MATCH = YES;
				"CODE_SIGN_IDENTITY[sdk=iphoneos*]" = "iPhone Developer";
				COPY_PHASE_STRIP = NO;
				DEBUG_INFORMATION_FORMAT = dwarf;
				ENABLE_STRICT_OBJC_MSGSEND = YES;
				ENABLE_TESTABILITY = YES;
				GCC_C_LANGUAGE_STANDARD = gnu99;
				GCC_DYNAMIC_NO_PIC = NO;
				GCC_NO_COMMON_BLOCKS = YES;
				GCC_OPTIMIZATION_LEVEL = 0;
				GCC_PREPROCESSOR_DEFINITIONS = (
					"DEBUG=1",
					"$(inherited)",
				);
				GCC_WARN_64_TO_32_BIT_CONVERSION = YES;
				GCC_WARN_ABOUT_RETURN_TYPE = YES_ERROR;
				GCC_WARN_UNDECLARED_SELECTOR = YES;
				GCC_WARN_UNINITIALIZED_AUTOS = YES_AGGRESSIVE;
				GCC_WARN_UNUSED_FUNCTION = YES;
				GCC_WARN_UNUSED_VARIABLE = YES;
				IPHONEOS_DEPLOYMENT_TARGET = 9.2;
				MTL_ENABLE_DEBUG_INFO = YES;
				ONLY_ACTIVE_ARCH = YES;
				SDKROOT = iphoneos;
				SWIFT_OPTIMIZATION_LEVEL = "-Onone";
			};
			name = Debug;
		};
		7D9CED381C66702F00519DDA /* Release */ = {
			isa = XCBuildConfiguration;
			buildSettings = {
				ALWAYS_SEARCH_USER_PATHS = NO;
				CLANG_CXX_LANGUAGE_STANDARD = "gnu++0x";
				CLANG_CXX_LIBRARY = "libc++";
				CLANG_ENABLE_MODULES = YES;
				CLANG_ENABLE_OBJC_ARC = YES;
				CLANG_WARN_BOOL_CONVERSION = YES;
				CLANG_WARN_CONSTANT_CONVERSION = YES;
				CLANG_WARN_DIRECT_OBJC_ISA_USAGE = YES_ERROR;
				CLANG_WARN_EMPTY_BODY = YES;
				CLANG_WARN_ENUM_CONVERSION = YES;
				CLANG_WARN_INT_CONVERSION = YES;
				CLANG_WARN_OBJC_ROOT_CLASS = YES_ERROR;
				CLANG_WARN_UNREACHABLE_CODE = YES;
				CLANG_WARN__DUPLICATE_METHOD_MATCH = YES;
				"CODE_SIGN_IDENTITY[sdk=iphoneos*]" = "iPhone Developer";
				COPY_PHASE_STRIP = NO;
				DEBUG_INFORMATION_FORMAT = "dwarf-with-dsym";
				ENABLE_NS_ASSERTIONS = NO;
				ENABLE_STRICT_OBJC_MSGSEND = YES;
				GCC_C_LANGUAGE_STANDARD = gnu99;
				GCC_NO_COMMON_BLOCKS = YES;
				GCC_WARN_64_TO_32_BIT_CONVERSION = YES;
				GCC_WARN_ABOUT_RETURN_TYPE = YES_ERROR;
				GCC_WARN_UNDECLARED_SELECTOR = YES;
				GCC_WARN_UNINITIALIZED_AUTOS = YES_AGGRESSIVE;
				GCC_WARN_UNUSED_FUNCTION = YES;
				GCC_WARN_UNUSED_VARIABLE = YES;
				IPHONEOS_DEPLOYMENT_TARGET = 9.2;
				MTL_ENABLE_DEBUG_INFO = NO;
				SDKROOT = iphoneos;
				VALIDATE_PRODUCT = YES;
			};
			name = Release;
		};
		7D9CED3A1C66702F00519DDA /* Debug */ = {
			isa = XCBuildConfiguration;
			buildSettings = {
				ASSETCATALOG_COMPILER_APPICON_NAME = AppIcon;
				CLANG_ENABLE_MODULES = YES;
				INFOPLIST_FILE = Foodism/Info.plist;
				LD_RUNPATH_SEARCH_PATHS = "$(inherited) @executable_path/Frameworks";
				PRODUCT_BUNDLE_IDENTIFIER = cgmonster.Foodism;
				PRODUCT_NAME = "$(TARGET_NAME)";
				SWIFT_OPTIMIZATION_LEVEL = "-Onone";
			};
			name = Debug;
		};
		7D9CED3B1C66702F00519DDA /* Release */ = {
			isa = XCBuildConfiguration;
			buildSettings = {
				ASSETCATALOG_COMPILER_APPICON_NAME = AppIcon;
				CLANG_ENABLE_MODULES = YES;
				INFOPLIST_FILE = Foodism/Info.plist;
				LD_RUNPATH_SEARCH_PATHS = "$(inherited) @executable_path/Frameworks";
				PRODUCT_BUNDLE_IDENTIFIER = cgmonster.Foodism;
				PRODUCT_NAME = "$(TARGET_NAME)";
			};
			name = Release;
		};
/* End XCBuildConfiguration section */

/* Begin XCConfigurationList section */
		7D9CED171C66702F00519DDA /* Build configuration list for PBXProject "Foodism" */ = {
			isa = XCConfigurationList;
			buildConfigurations = (
				7D9CED371C66702F00519DDA /* Debug */,
				7D9CED381C66702F00519DDA /* Release */,
			);
			defaultConfigurationIsVisible = 0;
			defaultConfigurationName = Release;
		};
		7D9CED391C66702F00519DDA /* Build configuration list for PBXNativeTarget "Foodism" */ = {
			isa = XCConfigurationList;
			buildConfigurations = (
				7D9CED3A1C66702F00519DDA /* Debug */,
				7D9CED3B1C66702F00519DDA /* Release */,
			);
			defaultConfigurationIsVisible = 0;
			defaultConfigurationName = Release;
		};
/* End XCConfigurationList section */
	};
	rootObject = 7D9CED141C66702F00519DDA /* Project object */;
}
